// !$*UTF8*$!
{
	archiveVersion = 1;
	classes = {
	};
	objectVersion = 46;
	objects = {

/* Begin PBXBuildFile section */
		A4D5736B166CAE4400C4B888 /* UIKit.framework in Frameworks */ = {isa = PBXBuildFile; fileRef = A4D5736A166CAE4400C4B888 /* UIKit.framework */; };
		A4D5736D166CAE4400C4B888 /* Foundation.framework in Frameworks */ = {isa = PBXBuildFile; fileRef = A4D5736C166CAE4400C4B888 /* Foundation.framework */; };
		A4D5736F166CAE4400C4B888 /* CoreGraphics.framework in Frameworks */ = {isa = PBXBuildFile; fileRef = A4D5736E166CAE4400C4B888 /* CoreGraphics.framework */; };
		A4D57375166CAE4400C4B888 /* InfoPlist.strings in Resources */ = {isa = PBXBuildFile; fileRef = A4D57373166CAE4400C4B888 /* InfoPlist.strings */; };
		A4D57377166CAE4400C4B888 /* main.m in Sources */ = {isa = PBXBuildFile; fileRef = A4D57376166CAE4400C4B888 /* main.m */; };
		A4D5737B166CAE4400C4B888 /* AppDelegate.m in Sources */ = {isa = PBXBuildFile; fileRef = A4D5737A166CAE4400C4B888 /* AppDelegate.m */; };
		A4D5737D166CAE4400C4B888 /* Default.png in Resources */ = {isa = PBXBuildFile; fileRef = A4D5737C166CAE4400C4B888 /* Default.png */; };
		A4D5737F166CAE4400C4B888 /* Default@2x.png in Resources */ = {isa = PBXBuildFile; fileRef = A4D5737E166CAE4400C4B888 /* Default@2x.png */; };
		A4D57381166CAE4400C4B888 /* Default-568h@2x.png in Resources */ = {isa = PBXBuildFile; fileRef = A4D57380166CAE4400C4B888 /* Default-568h@2x.png */; };
/* End PBXBuildFile section */

/* Begin PBXFileReference section */
		A4D57366166CAE4400C4B888 /* gitTestRCD.app */ = {isa = PBXFileReference; explicitFileType = wrapper.application; includeInIndex = 0; path = gitTestRCD.app; sourceTree = BUILT_PRODUCTS_DIR; };
		A4D5736A166CAE4400C4B888 /* UIKit.framework */ = {isa = PBXFileReference; lastKnownFileType = wrapper.framework; name = UIKit.framework; path = System/Library/Frameworks/UIKit.framework; sourceTree = SDKROOT; };
		A4D5736C166CAE4400C4B888 /* Foundation.framework */ = {isa = PBXFileReference; lastKnownFileType = wrapper.framework; name = Foundation.framework; path = System/Library/Frameworks/Foundation.framework; sourceTree = SDKROOT; };
		A4D5736E166CAE4400C4B888 /* CoreGraphics.framework */ = {isa = PBXFileReference; lastKnownFileType = wrapper.framework; name = CoreGraphics.framework; path = System/Library/Frameworks/CoreGraphics.framework; sourceTree = SDKROOT; };
		A4D57372166CAE4400C4B888 /* gitTestRCD-Info.plist */ = {isa = PBXFileReference; lastKnownFileType = text.plist.xml; path = "gitTestRCD-Info.plist"; sourceTree = "<group>"; };
		A4D57374166CAE4400C4B888 /* en */ = {isa = PBXFileReference; lastKnownFileType = text.plist.strings; name = en; path = en.lproj/InfoPlist.strings; sourceTree = "<group>"; };
		A4D57376166CAE4400C4B888 /* main.m */ = {isa = PBXFileReference; lastKnownFileType = sourcecode.c.objc; path = main.m; sourceTree = "<group>"; };
		A4D57378166CAE4400C4B888 /* gitTestRCD-Prefix.pch */ = {isa = PBXFileReference; lastKnownFileType = sourcecode.c.h; path = "gitTestRCD-Prefix.pch"; sourceTree = "<group>"; };
		A4D57379166CAE4400C4B888 /* AppDelegate.h */ = {isa = PBXFileReference; lastKnownFileType = sourcecode.c.h; path = AppDelegate.h; sourceTree = "<group>"; };
		A4D5737A166CAE4400C4B888 /* AppDelegate.m */ = {isa = PBXFileReference; lastKnownFileType = sourcecode.c.objc; path = AppDelegate.m; sourceTree = "<group>"; };
		A4D5737C166CAE4400C4B888 /* Default.png */ = {isa = PBXFileReference; lastKnownFileType = image.png; path = Default.png; sourceTree = "<group>"; };
		A4D5737E166CAE4400C4B888 /* Default@2x.png */ = {isa = PBXFileReference; lastKnownFileType = image.png; path = "Default@2x.png"; sourceTree = "<group>"; };
		A4D57380166CAE4400C4B888 /* Default-568h@2x.png */ = {isa = PBXFileReference; lastKnownFileType = image.png; path = "Default-568h@2x.png"; sourceTree = "<group>"; };
/* End PBXFileReference section */

/* Begin PBXFrameworksBuildPhase section */
		A4D57363166CAE4400C4B888 /* Frameworks */ = {
			isa = PBXFrameworksBuildPhase;
			buildActionMask = 2147483647;
			files = (
				A4D5736B166CAE4400C4B888 /* UIKit.framework in Frameworks */,
				A4D5736D166CAE4400C4B888 /* Foundation.framework in Frameworks */,
				A4D5736F166CAE4400C4B888 /* CoreGraphics.framework in Frameworks */,
			);
			runOnlyForDeploymentPostprocessing = 0;
		};
/* End PBXFrameworksBuildPhase section */

/* Begin PBXGroup section */
		A4D5735B166CAE4400C4B888 = {
			isa = PBXGroup;
			children = (
				A4D57370166CAE4400C4B888 /* gitTestRCD */,
				A4D57369166CAE4400C4B888 /* Frameworks */,
				A4D57367166CAE4400C4B888 /* Products */,
			);
			sourceTree = "<group>";
		};
		A4D57367166CAE4400C4B888 /* Products */ = {
			isa = PBXGroup;
			children = (
				A4D57366166CAE4400C4B888 /* gitTestRCD.app */,
			);
			name = Products;
			sourceTree = "<group>";
		};
		A4D57369166CAE4400C4B888 /* Frameworks */ = {
			isa = PBXGroup;
			children = (
				A4D5736A166CAE4400C4B888 /* UIKit.framework */,
				A4D5736C166CAE4400C4B888 /* Foundation.framework */,
				A4D5736E166CAE4400C4B888 /* CoreGraphics.framework */,
			);
			name = Frameworks;
			sourceTree = "<group>";
		};
		A4D57370166CAE4400C4B888 /* gitTestRCD */ = {
			isa = PBXGroup;
			children = (
				A4D57379166CAE4400C4B888 /* AppDelegate.h */,
				A4D5737A166CAE4400C4B888 /* AppDelegate.m */,
				A4D57371166CAE4400C4B888 /* Supporting Files */,
			);
			path = gitTestRCD;
			sourceTree = "<group>";
		};
		A4D57371166CAE4400C4B888 /* Supporting Files */ = {
			isa = PBXGroup;
			children = (
				A4D57372166CAE4400C4B888 /* gitTestRCD-Info.plist */,
				A4D57373166CAE4400C4B888 /* InfoPlist.strings */,
				A4D57376166CAE4400C4B888 /* main.m */,
				A4D57378166CAE4400C4B888 /* gitTestRCD-Prefix.pch */,
				A4D5737C166CAE4400C4B888 /* Default.png */,
				A4D5737E166CAE4400C4B888 /* Default@2x.png */,
				A4D57380166CAE4400C4B888 /* Default-568h@2x.png */,
			);
			name = "Supporting Files";
			sourceTree = "<group>";
		};
/* End PBXGroup section */

/* Begin PBXNativeTarget section */
		A4D57365166CAE4400C4B888 /* gitTestRCD */ = {
			isa = PBXNativeTarget;
			buildConfigurationList = A4D57384166CAE4400C4B888 /* Build configuration list for PBXNativeTarget "gitTestRCD" */;
			buildPhases = (
				A4D57362166CAE4400C4B888 /* Sources */,
				A4D57363166CAE4400C4B888 /* Frameworks */,
				A4D57364166CAE4400C4B888 /* Resources */,
			);
			buildRules = (
			);
			dependencies = (
			);
			name = gitTestRCD;
			productName = gitTestRCD;
			productReference = A4D57366166CAE4400C4B888 /* gitTestRCD.app */;
			productType = "com.apple.product-type.application";
		};
/* End PBXNativeTarget section */

/* Begin PBXProject section */
		A4D5735D166CAE4400C4B888 /* Project object */ = {
			isa = PBXProject;
			attributes = {
				LastUpgradeCheck = 0450;
				ORGANIZATIONNAME = Atomix;
			};
			buildConfigurationList = A4D57360166CAE4400C4B888 /* Build configuration list for PBXProject "gitTestRCD" */;
			compatibilityVersion = "Xcode 3.2";
			developmentRegion = English;
			hasScannedForEncodings = 0;
			knownRegions = (
				en,
			);
			mainGroup = A4D5735B166CAE4400C4B888;
			productRefGroup = A4D57367166CAE4400C4B888 /* Products */;
			projectDirPath = "";
			projectRoot = "";
			targets = (
				A4D57365166CAE4400C4B888 /* gitTestRCD */,
			);
		};
/* End PBXProject section */

/* Begin PBXResourcesBuildPhase section */
		A4D57364166CAE4400C4B888 /* Resources */ = {
			isa = PBXResourcesBuildPhase;
			buildActionMask = 2147483647;
			files = (
				A4D57375166CAE4400C4B888 /* InfoPlist.strings in Resources */,
				A4D5737D166CAE4400C4B888 /* Default.png in Resources */,
				A4D5737F166CAE4400C4B888 /* Default@2x.png in Resources */,
				A4D57381166CAE4400C4B888 /* Default-568h@2x.png in Resources */,
			);
			runOnlyForDeploymentPostprocessing = 0;
		};
/* End PBXResourcesBuildPhase section */

/* Begin PBXSourcesBuildPhase section */
		A4D57362166CAE4400C4B888 /* Sources */ = {
			isa = PBXSourcesBuildPhase;
			buildActionMask = 2147483647;
			files = (
				A4D57377166CAE4400C4B888 /* main.m in Sources */,
				A4D5737B166CAE4400C4B888 /* AppDelegate.m in Sources */,
			);
			runOnlyForDeploymentPostprocessing = 0;
		};
/* End PBXSourcesBuildPhase section */

/* Begin PBXVariantGroup section */
		A4D57373166CAE4400C4B888 /* InfoPlist.strings */ = {
			isa = PBXVariantGroup;
			children = (
				A4D57374166CAE4400C4B888 /* en */,
			);
			name = InfoPlist.strings;
			sourceTree = "<group>";
		};
/* End PBXVariantGroup section */

/* Begin XCBuildConfiguration section */
		A4D57382166CAE4400C4B888 /* Debug */ = {
			isa = XCBuildConfiguration;
			buildSettings = {
				ALWAYS_SEARCH_USER_PATHS = NO;
				CLANG_CXX_LANGUAGE_STANDARD = "gnu++0x";
				CLANG_CXX_LIBRARY = "libc++";
				CLANG_WARN_EMPTY_BODY = YES;
				CLANG_WARN__DUPLICATE_METHOD_MATCH = YES;
				"CODE_SIGN_IDENTITY[sdk=iphoneos*]" = "iPhone Developer";
				COPY_PHASE_STRIP = NO;
				GCC_C_LANGUAGE_STANDARD = gnu99;
				GCC_DYNAMIC_NO_PIC = NO;
				GCC_OPTIMIZATION_LEVEL = 0;
				GCC_PREPROCESSOR_DEFINITIONS = (
					"DEBUG=1",
					"$(inherited)",
				);
				GCC_SYMBOLS_PRIVATE_EXTERN = NO;
				GCC_WARN_ABOUT_RETURN_TYPE = YES;
				GCC_WARN_UNINITIALIZED_AUTOS = YES;
				GCC_WARN_UNUSED_VARIABLE = YES;
				IPHONEOS_DEPLOYMENT_TARGET = 6.0;
				SDKROOT = iphoneos;
			};
			name = Debug;
		};
		A4D57383166CAE4400C4B888 /* Release */ = {
			isa = XCBuildConfiguration;
			buildSettings = {
				ALWAYS_SEARCH_USER_PATHS = NO;
				CLANG_CXX_LANGUAGE_STANDARD = "gnu++0x";
				CLANG_CXX_LIBRARY = "libc++";
				CLANG_WARN_EMPTY_BODY = YES;
				CLANG_WARN__DUPLICATE_METHOD_MATCH = YES;
				"CODE_SIGN_IDENTITY[sdk=iphoneos*]" = "iPhone Developer";
				COPY_PHASE_STRIP = YES;
				GCC_C_LANGUAGE_STANDARD = gnu99;
				GCC_WARN_ABOUT_RETURN_TYPE = YES;
				GCC_WARN_UNINITIALIZED_AUTOS = YES;
				GCC_WARN_UNUSED_VARIABLE = YES;
				IPHONEOS_DEPLOYMENT_TARGET = 6.0;
				OTHER_CFLAGS = "-DNS_BLOCK_ASSERTIONS=1";
				SDKROOT = iphoneos;
				VALIDATE_PRODUCT = YES;
			};
			name = Release;
		};
		A4D57385166CAE4400C4B888 /* Debug */ = {
			isa = XCBuildConfiguration;
			buildSettings = {
				GCC_PRECOMPILE_PREFIX_HEADER = YES;
				GCC_PREFIX_HEADER = "gitTestRCD/gitTestRCD-Prefix.pch";
				INFOPLIST_FILE = "gitTestRCD/gitTestRCD-Info.plist";
				PRODUCT_NAME = "$(TARGET_NAME)";
				WRAPPER_EXTENSION = app;
			};
			name = Debug;
		};
		A4D57386166CAE4400C4B888 /* Release */ = {
			isa = XCBuildConfiguration;
			buildSettings = {
				GCC_PRECOMPILE_PREFIX_HEADER = YES;
				GCC_PREFIX_HEADER = "gitTestRCD/gitTestRCD-Prefix.pch";
				INFOPLIST_FILE = "gitTestRCD/gitTestRCD-Info.plist";
				PRODUCT_NAME = "$(TARGET_NAME)";
				WRAPPER_EXTENSION = app;
			};
			name = Release;
		};
/* End XCBuildConfiguration section */

/* Begin XCConfigurationList section */
		A4D57360166CAE4400C4B888 /* Build configuration list for PBXProject "gitTestRCD" */ = {
			isa = XCConfigurationList;
			buildConfigurations = (
				A4D57382166CAE4400C4B888 /* Debug */,
				A4D57383166CAE4400C4B888 /* Release */,
			);
			defaultConfigurationIsVisible = 0;
			defaultConfigurationName = Release;
		};
		A4D57384166CAE4400C4B888 /* Build configuration list for PBXNativeTarget "gitTestRCD" */ = {
			isa = XCConfigurationList;
			buildConfigurations = (
				A4D57385166CAE4400C4B888 /* Debug */,
				A4D57386166CAE4400C4B888 /* Release */,
			);
			defaultConfigurationIsVisible = 0;
		};
/* End XCConfigurationList section */
	};
	rootObject = A4D5735D166CAE4400C4B888 /* Project object */;
}
